
Microsoft Visual Studio Solution File, Format Version 12.00
# Visual Studio Version 17
VisualStudioVersion = 17.14.36221.1
MinimumVisualStudioVersion = 10.0.40219.1
Project("{FAE04EC0-301F-11D3-BF4B-00C04F79EFBC}") = "task1", "..\task1\task1.csproj", "{560B034E-9BBD-4BB0-8348-807E674B604B}"
EndProject
Project("{FAE04EC0-301F-11D3-BF4B-00C04F79EFBC}") = "task2", "..\task2\task2.csproj", "{A2AE01F4-578F-458B-8A40-2AAE49A1FF91}"
EndProject
Project("{FAE04EC0-301F-11D3-BF4B-00C04F79EFBC}") = "task3", "..\task3\task3.csproj", "{21AFC38B-D900-451D-929A-185E9AEB7D14}"
EndProject
Project("{FAE04EC0-301F-11D3-BF4B-00C04F79EFBC}") = "task4", "..\task4\task4.csproj", "{EE5D1D1E-9352-41F1-9359-E1AF47B69F7E}"
EndProject
Global
	GlobalSection(SolutionConfigurationPlatforms) = preSolution
		Debug|Any CPU = Debug|Any CPU
		Release|Any CPU = Release|Any CPU
	EndGlobalSection
	GlobalSection(ProjectConfigurationPlatforms) = postSolution
		{560B034E-9BBD-4BB0-8348-807E674B604B}.Debug|Any CPU.ActiveCfg = Debug|Any CPU
		{560B034E-9BBD-4BB0-8348-807E674B604B}.Debug|Any CPU.Build.0 = Debug|Any CPU
		{560B034E-9BBD-4BB0-8348-807E674B604B}.Release|Any CPU.ActiveCfg = Release|Any CPU
		{560B034E-9BBD-4BB0-8348-807E674B604B}.Release|Any CPU.Build.0 = Release|Any CPU
		{A2AE01F4-578F-458B-8A40-2AAE49A1FF91}.Debug|Any CPU.ActiveCfg = Debug|Any CPU
		{A2AE01F4-578F-458B-8A40-2AAE49A1FF91}.Debug|Any CPU.Build.0 = Debug|Any CPU
		{A2AE01F4-578F-458B-8A40-2AAE49A1FF91}.Release|Any CPU.ActiveCfg = Release|Any CPU
		{A2AE01F4-578F-458B-8A40-2AAE49A1FF91}.Release|Any CPU.Build.0 = Release|Any CPU
		{21AFC38B-D900-451D-929A-185E9AEB7D14}.Debug|Any CPU.ActiveCfg = Debug|Any CPU
		{21AFC38B-D900-451D-929A-185E9AEB7D14}.Debug|Any CPU.Build.0 = Debug|Any CPU
		{21AFC38B-D900-451D-929A-185E9AEB7D14}.Release|Any CPU.ActiveCfg = Release|Any CPU
		{21AFC38B-D900-451D-929A-185E9AEB7D14}.Release|Any CPU.Build.0 = Release|Any CPU
		{EE5D1D1E-9352-41F1-9359-E1AF47B69F7E}.Debug|Any CPU.ActiveCfg = Debug|Any CPU
		{EE5D1D1E-9352-41F1-9359-E1AF47B69F7E}.Debug|Any CPU.Build.0 = Debug|Any CPU
		{EE5D1D1E-9352-41F1-9359-E1AF47B69F7E}.Release|Any CPU.ActiveCfg = Release|Any CPU
		{EE5D1D1E-9352-41F1-9359-E1AF47B69F7E}.Release|Any CPU.Build.0 = Release|Any CPU
	EndGlobalSection
	GlobalSection(SolutionProperties) = preSolution
		HideSolutionNode = FALSE
	EndGlobalSection
	GlobalSection(ExtensibilityGlobals) = postSolution
		SolutionGuid = {FF3087A0-5087-4407-B60A-47AD265C782F}
	EndGlobalSection
EndGlobal
